
Microsoft Visual Studio Solution File, Format Version 12.00
# Visual Studio Version 16
VisualStudioVersion = 16.0.36324.18
MinimumVisualStudioVersion = 10.0.40219.1
Project("{FAE04EC0-301F-11D3-BF4B-00C04F79EFBC}") = "EjecucionDll", "EjecucionDll\EjecucionDll.csproj", "{2D62390A-576C-4E35-A650-B48B3CDF858B}"
EndProject
Global
	GlobalSection(SolutionConfigurationPlatforms) = preSolution
		Debug|Any CPU = Debug|Any CPU
		Release|Any CPU = Release|Any CPU
	EndGlobalSection
	GlobalSection(ProjectConfigurationPlatforms) = postSolution
		{2D62390A-576C-4E35-A650-B48B3CDF858B}.Debug|Any CPU.ActiveCfg = Debug|Any CPU
		{2D62390A-576C-4E35-A650-B48B3CDF858B}.Debug|Any CPU.Build.0 = Debug|Any CPU
		{2D62390A-576C-4E35-A650-B48B3CDF858B}.Release|Any CPU.ActiveCfg = Release|Any CPU
		{2D62390A-576C-4E35-A650-B48B3CDF858B}.Release|Any CPU.Build.0 = Release|Any CPU
	EndGlobalSection
	GlobalSection(SolutionProperties) = preSolution
		HideSolutionNode = FALSE
	EndGlobalSection
	GlobalSection(ExtensibilityGlobals) = postSolution
		SolutionGuid = {7B829035-5284-434F-B9F7-58214CB5BD8E}
	EndGlobalSection
EndGlobal
